{
  "originHash" : "4dd5b54c420db070f9b68da0c0355349ef9d2c7b18351b86d0ef98895e7516db",
  "pins" : [
    {
      "identity" : "easytipview",
      "kind" : "remoteSourceControl",
      "location" : "https://github.com/teodorpatras/EasyTipView",
      "state" : {
        "revision" : "1cba0e75f745da03773cd7092480c5fa8cde4a72",
        "version" : "2.1.0"
      }
    },
    {
      "identity" : "formtextfield",
      "kind" : "remoteSourceControl",
      "location" : "https://github.com/3lvis/FormTextField",
      "state" : {
        "revision" : "77422c5144d8efec3770d77955b679662e4340db",
        "version" : "4.0.5"
      }
    },
    {
      "identity" : "testfairy-ios-sdk-swift-package",
      "kind" : "remoteSourceControl",
      "location" : "https://github.com/testfairy/testfairy-ios-sdk-swift-package",
      "state" : {
        "revision" : "9006b784bebfb8572593a43d8e1d6ec464edd554",
        "version" : "1.33.1"
      }
    }
  ],
  "version" : 3
}
